
Microsoft Visual Studio Solution File, Format Version 12.00
# Visual Studio Version 17
VisualStudioVersion = 17.5.002.0
MinimumVisualStudioVersion = 10.0.40219.1
Project("{9A19103F-16F7-4668-BE54-9A1E7A4F7556}") = "switch-case", "switch-case.csproj", "{33E2C140-D552-4338-B899-6F3E5F55667C}"
EndProject
Global
	GlobalSection(SolutionConfigurationPlatforms) = preSolution
		Debug|Any CPU = Debug|Any CPU
		Release|Any CPU = Release|Any CPU
	EndGlobalSection
	GlobalSection(ProjectConfigurationPlatforms) = postSolution
		{33E2C140-D552-4338-B899-6F3E5F55667C}.Debug|Any CPU.ActiveCfg = Debug|Any CPU
		{33E2C140-D552-4338-B899-6F3E5F55667C}.Debug|Any CPU.Build.0 = Debug|Any CPU
		{33E2C140-D552-4338-B899-6F3E5F55667C}.Release|Any CPU.ActiveCfg = Release|Any CPU
		{33E2C140-D552-4338-B899-6F3E5F55667C}.Release|Any CPU.Build.0 = Release|Any CPU
	EndGlobalSection
	GlobalSection(SolutionProperties) = preSolution
		HideSolutionNode = FALSE
	EndGlobalSection
	GlobalSection(ExtensibilityGlobals) = postSolution
		SolutionGuid = {DC1582D9-1DAF-4326-88D1-E3F916D22FAE}
	EndGlobalSection
EndGlobal
