
Microsoft Visual Studio Solution File, Format Version 12.00
# Visual Studio Version 17
VisualStudioVersion = 17.5.002.0
MinimumVisualStudioVersion = 10.0.40219.1
Project("{9A19103F-16F7-4668-BE54-9A1E7A4F7556}") = "metot-overloading", "metot-overloading.csproj", "{976F692E-FE43-4D19-A548-E93C6FC192F6}"
EndProject
Global
	GlobalSection(SolutionConfigurationPlatforms) = preSolution
		Debug|Any CPU = Debug|Any CPU
		Release|Any CPU = Release|Any CPU
	EndGlobalSection
	GlobalSection(ProjectConfigurationPlatforms) = postSolution
		{976F692E-FE43-4D19-A548-E93C6FC192F6}.Debug|Any CPU.ActiveCfg = Debug|Any CPU
		{976F692E-FE43-4D19-A548-E93C6FC192F6}.Debug|Any CPU.Build.0 = Debug|Any CPU
		{976F692E-FE43-4D19-A548-E93C6FC192F6}.Release|Any CPU.ActiveCfg = Release|Any CPU
		{976F692E-FE43-4D19-A548-E93C6FC192F6}.Release|Any CPU.Build.0 = Release|Any CPU
	EndGlobalSection
	GlobalSection(SolutionProperties) = preSolution
		HideSolutionNode = FALSE
	EndGlobalSection
	GlobalSection(ExtensibilityGlobals) = postSolution
		SolutionGuid = {B8A70AA0-53F3-4F2E-B40A-4D67A71848BC}
	EndGlobalSection
EndGlobal
